
Microsoft Visual Studio Solution File, Format Version 12.00
# Visual Studio Version 17
VisualStudioVersion = 17.10.35013.160
MinimumVisualStudioVersion = 10.0.40219.1
Project("{FAE04EC0-301F-11D3-BF4B-00C04F79EFBC}") = "5_conditional_expressions", "5_conditional_expressions\5_conditional_expressions.csproj", "{AC94F240-1CCF-46F8-9E14-36FE4DA4BEC5}"
EndProject
Global
	GlobalSection(SolutionConfigurationPlatforms) = preSolution
		Debug|Any CPU = Debug|Any CPU
		Release|Any CPU = Release|Any CPU
	EndGlobalSection
	GlobalSection(ProjectConfigurationPlatforms) = postSolution
		{AC94F240-1CCF-46F8-9E14-36FE4DA4BEC5}.Debug|Any CPU.ActiveCfg = Debug|Any CPU
		{AC94F240-1CCF-46F8-9E14-36FE4DA4BEC5}.Debug|Any CPU.Build.0 = Debug|Any CPU
		{AC94F240-1CCF-46F8-9E14-36FE4DA4BEC5}.Release|Any CPU.ActiveCfg = Release|Any CPU
		{AC94F240-1CCF-46F8-9E14-36FE4DA4BEC5}.Release|Any CPU.Build.0 = Release|Any CPU
	EndGlobalSection
	GlobalSection(SolutionProperties) = preSolution
		HideSolutionNode = FALSE
	EndGlobalSection
	GlobalSection(ExtensibilityGlobals) = postSolution
		SolutionGuid = {FCB1B447-1E9A-4FD3-8F72-D46FF6A950F3}
	EndGlobalSection
EndGlobal
